PODS:
  - ReactiveCocoa (2.5):
    - ReactiveCocoa/UI (= 2.5)
  - ReactiveCocoa/Core (2.5):
    - ReactiveCocoa/no-arc
  - ReactiveCocoa/no-arc (2.5)
  - ReactiveCocoa/UI (2.5):
    - ReactiveCocoa/Core
  - ZTCameraKit (0.1.0):
    - ReactiveCocoa (~> 2.5)

DEPENDENCIES:
  - ZTCameraKit (from `../`)

SPEC REPOS:
  https://github.com/cocoapods/specs.git:
    - ReactiveCocoa

EXTERNAL SOURCES:
  ZTCameraKit:
    :path: "../"

SPEC CHECKSUMS:
  ReactiveCocoa: e2db045570aa97c695e7aa97c2bcab222ae51f4a
  ZTCameraKit: 27f5effb82b15931a95ce30acfcd47fec0aaca93

PODFILE CHECKSUM: 48decb8aefa6581cb13a91f63b054b6b35f5f6cb

COCOAPODS: 1.6.1
